
Microsoft Visual Studio Solution File, Format Version 12.00
# Visual Studio Version 17
VisualStudioVersion = 17.7.34031.279
MinimumVisualStudioVersion = 10.0.40219.1
Project("{FAE04EC0-301F-11D3-BF4B-00C04F79EFBC}") = "IM-Kinect2", "IM-Kinect2.csproj", "{F948366F-9E98-405E-81CF-1F64461E5B46}"
EndProject
Global
	GlobalSection(SolutionConfigurationPlatforms) = preSolution
		Debug|Any CPU = Debug|Any CPU
		Release|Any CPU = Release|Any CPU
	EndGlobalSection
	GlobalSection(ProjectConfigurationPlatforms) = postSolution
		{F948366F-9E98-405E-81CF-1F64461E5B46}.Debug|Any CPU.ActiveCfg = Debug|Any CPU
		{F948366F-9E98-405E-81CF-1F64461E5B46}.Debug|Any CPU.Build.0 = Debug|Any CPU
		{F948366F-9E98-405E-81CF-1F64461E5B46}.Release|Any CPU.ActiveCfg = Release|Any CPU
		{F948366F-9E98-405E-81CF-1F64461E5B46}.Release|Any CPU.Build.0 = Release|Any CPU
	EndGlobalSection
	GlobalSection(SolutionProperties) = preSolution
		HideSolutionNode = FALSE
	EndGlobalSection
	GlobalSection(ExtensibilityGlobals) = postSolution
		SolutionGuid = {DD639E94-12B9-4047-B130-5965773AA0EF}
	EndGlobalSection
EndGlobal
